
Microsoft Visual Studio Solution File, Format Version 12.00
# Visual Studio for Mac
Project("{FAE04EC0-301F-11D3-BF4B-00C04F79EFBC}") = "Assembly-CSharp", "Assembly-CSharp.csproj", "{BFE188FC-F484-8134-C159-5BEF44B1E82B}"
EndProject
Global
	GlobalSection(SolutionConfigurationPlatforms) = preSolution
		Debug|Any CPU = Debug|Any CPU
		Release|Any CPU = Release|Any CPU
	EndGlobalSection
	GlobalSection(ProjectConfigurationPlatforms) = postSolution
		{BFE188FC-F484-8134-C159-5BEF44B1E82B}.Debug|Any CPU.ActiveCfg = Debug|Any CPU
		{BFE188FC-F484-8134-C159-5BEF44B1E82B}.Debug|Any CPU.Build.0 = Debug|Any CPU
		{BFE188FC-F484-8134-C159-5BEF44B1E82B}.Release|Any CPU.ActiveCfg = Release|Any CPU
		{BFE188FC-F484-8134-C159-5BEF44B1E82B}.Release|Any CPU.Build.0 = Release|Any CPU
	EndGlobalSection
	GlobalSection(SolutionProperties) = preSolution
		HideSolutionNode = FALSE
	EndGlobalSection
EndGlobal
